
Microsoft Visual Studio Solution File, Format Version 12.00
# Visual Studio Version 16
VisualStudioVersion = 16.0.31321.278
MinimumVisualStudioVersion = 10.0.40219.1
Project("{FAE04EC0-301F-11D3-BF4B-00C04F79EFBC}") = "TaskManager.UWP", "TaskManager\TaskManager.UWP\TaskManager.UWP.csproj", "{A42BA8B7-1986-44AE-BAB4-78CC8FF42887}"
EndProject
Project("{FAE04EC0-301F-11D3-BF4B-00C04F79EFBC}") = "TaskManager.Android", "TaskManager\TaskManager.Android\TaskManager.Android.csproj", "{80A60092-99A1-4802-8902-67DE593E91D4}"
EndProject
Project("{FAE04EC0-301F-11D3-BF4B-00C04F79EFBC}") = "TaskManager.iOS", "TaskManager\TaskManager.iOS\TaskManager.iOS.csproj", "{CF94F529-F2BF-4D58-B15A-DED163FD1658}"
EndProject
Project("{FAE04EC0-301F-11D3-BF4B-00C04F79EFBC}") = "TaskManager", "TaskManager\TaskManager\TaskManager.csproj", "{D7C20686-7671-41AF-9E5B-CF22794D05F1}"
EndProject
Global
	GlobalSection(SolutionConfigurationPlatforms) = preSolution
		Debug|Any CPU = Debug|Any CPU
		Debug|ARM = Debug|ARM
		Debug|iPhone = Debug|iPhone
		Debug|iPhoneSimulator = Debug|iPhoneSimulator
		Debug|x64 = Debug|x64
		Debug|x86 = Debug|x86
		Release|Any CPU = Release|Any CPU
		Release|ARM = Release|ARM
		Release|iPhone = Release|iPhone
		Release|iPhoneSimulator = Release|iPhoneSimulator
		Release|x64 = Release|x64
		Release|x86 = Release|x86
	EndGlobalSection
	GlobalSection(ProjectConfigurationPlatforms) = postSolution
		{A42BA8B7-1986-44AE-BAB4-78CC8FF42887}.Debug|Any CPU.ActiveCfg = Debug|x86
		{A42BA8B7-1986-44AE-BAB4-78CC8FF42887}.Debug|Any CPU.Build.0 = Debug|x86
		{A42BA8B7-1986-44AE-BAB4-78CC8FF42887}.Debug|Any CPU.Deploy.0 = Debug|x86
		{A42BA8B7-1986-44AE-BAB4-78CC8FF42887}.Debug|ARM.ActiveCfg = Debug|ARM
		{A42BA8B7-1986-44AE-BAB4-78CC8FF42887}.Debug|ARM.Build.0 = Debug|ARM
		{A42BA8B7-1986-44AE-BAB4-78CC8FF42887}.Debug|ARM.Deploy.0 = Debug|ARM
		{A42BA8B7-1986-44AE-BAB4-78CC8FF42887}.Debug|iPhone.ActiveCfg = Debug|x86
		{A42BA8B7-1986-44AE-BAB4-78CC8FF42887}.Debug|iPhone.Build.0 = Debug|x86
		{A42BA8B7-1986-44AE-BAB4-78CC8FF42887}.Debug|iPhone.Deploy.0 = Debug|x86
		{A42BA8B7-1986-44AE-BAB4-78CC8FF42887}.Debug|iPhoneSimulator.ActiveCfg = Debug|x86
		{A42BA8B7-1986-44AE-BAB4-78CC8FF42887}.Debug|iPhoneSimulator.Build.0 = Debug|x86
		{A42BA8B7-1986-44AE-BAB4-78CC8FF42887}.Debug|iPhoneSimulator.Deploy.0 = Debug|x86
		{A42BA8B7-1986-44AE-BAB4-78CC8FF42887}.Debug|x64.ActiveCfg = Debug|x64
		{A42BA8B7-1986-44AE-BAB4-78CC8FF42887}.Debug|x64.Build.0 = Debug|x64
		{A42BA8B7-1986-44AE-BAB4-78CC8FF42887}.Debug|x64.Deploy.0 = Debug|x64
		{A42BA8B7-1986-44AE-BAB4-78CC8FF42887}.Debug|x86.ActiveCfg = Debug|x86
		{A42BA8B7-1986-44AE-BAB4-78CC8FF42887}.Debug|x86.Build.0 = Debug|x86
		{A42BA8B7-1986-44AE-BAB4-78CC8FF42887}.Debug|x86.Deploy.0 = Debug|x86
		{A42BA8B7-1986-44AE-BAB4-78CC8FF42887}.Release|Any CPU.ActiveCfg = Release|x86
		{A42BA8B7-1986-44AE-BAB4-78CC8FF42887}.Release|Any CPU.Build.0 = Release|x86
		{A42BA8B7-1986-44AE-BAB4-78CC8FF42887}.Release|Any CPU.Deploy.0 = Release|x86
		{A42BA8B7-1986-44AE-BAB4-78CC8FF42887}.Release|ARM.ActiveCfg = Release|ARM
		{A42BA8B7-1986-44AE-BAB4-78CC8FF42887}.Release|ARM.Build.0 = Release|ARM
		{A42BA8B7-1986-44AE-BAB4-78CC8FF42887}.Release|ARM.Deploy.0 = Release|ARM
		{A42BA8B7-1986-44AE-BAB4-78CC8FF42887}.Release|iPhone.ActiveCfg = Release|x86
		{A42BA8B7-1986-44AE-BAB4-78CC8FF42887}.Release|iPhone.Build.0 = Release|x86
		{A42BA8B7-1986-44AE-BAB4-78CC8FF42887}.Release|iPhone.Deploy.0 = Release|x86
		{A42BA8B7-1986-44AE-BAB4-78CC8FF42887}.Release|iPhoneSimulator.ActiveCfg = Release|x86
		{A42BA8B7-1986-44AE-BAB4-78CC8FF42887}.Release|iPhoneSimulator.Build.0 = Release|x86
		{A42BA8B7-1986-44AE-BAB4-78CC8FF42887}.Release|iPhoneSimulator.Deploy.0 = Release|x86
		{A42BA8B7-1986-44AE-BAB4-78CC8FF42887}.Release|x64.ActiveCfg = Release|x64
		{A42BA8B7-1986-44AE-BAB4-78CC8FF42887}.Release|x64.Build.0 = Release|x64
		{A42BA8B7-1986-44AE-BAB4-78CC8FF42887}.Release|x64.Deploy.0 = Release|x64
		{A42BA8B7-1986-44AE-BAB4-78CC8FF42887}.Release|x86.ActiveCfg = Release|x86
		{A42BA8B7-1986-44AE-BAB4-78CC8FF42887}.Release|x86.Build.0 = Release|x86
		{A42BA8B7-1986-44AE-BAB4-78CC8FF42887}.Release|x86.Deploy.0 = Release|x86
		{80A60092-99A1-4802-8902-67DE593E91D4}.Debug|Any CPU.ActiveCfg = Debug|Any CPU
		{80A60092-99A1-4802-8902-67DE593E91D4}.Debug|Any CPU.Build.0 = Debug|Any CPU
		{80A60092-99A1-4802-8902-67DE593E91D4}.Debug|Any CPU.Deploy.0 = Debug|Any CPU
		{80A60092-99A1-4802-8902-67DE593E91D4}.Debug|ARM.ActiveCfg = Debug|Any CPU
		{80A60092-99A1-4802-8902-67DE593E91D4}.Debug|ARM.Build.0 = Debug|Any CPU
		{80A60092-99A1-4802-8902-67DE593E91D4}.Debug|ARM.Deploy.0 = Debug|Any CPU
		{80A60092-99A1-4802-8902-67DE593E91D4}.Debug|iPhone.ActiveCfg = Debug|Any CPU
		{80A60092-99A1-4802-8902-67DE593E91D4}.Debug|iPhone.Build.0 = Debug|Any CPU
		{80A60092-99A1-4802-8902-67DE593E91D4}.Debug|iPhone.Deploy.0 = Debug|Any CPU
		{80A60092-99A1-4802-8902-67DE593E91D4}.Debug|iPhoneSimulator.ActiveCfg = Debug|Any CPU
		{80A60092-99A1-4802-8902-67DE593E91D4}.Debug|iPhoneSimulator.Build.0 = Debug|Any CPU
		{80A60092-99A1-4802-8902-67DE593E91D4}.Debug|iPhoneSimulator.Deploy.0 = Debug|Any CPU
		{80A60092-99A1-4802-8902-67DE593E91D4}.Debug|x64.ActiveCfg = Debug|Any CPU
		{80A60092-99A1-4802-8902-67DE593E91D4}.Debug|x64.Build.0 = Debug|Any CPU
		{80A60092-99A1-4802-8902-67DE593E91D4}.Debug|x64.Deploy.0 = Debug|Any CPU
		{80A60092-99A1-4802-8902-67DE593E91D4}.Debug|x86.ActiveCfg = Debug|Any CPU
		{80A60092-99A1-4802-8902-67DE593E91D4}.Debug|x86.Build.0 = Debug|Any CPU
		{80A60092-99A1-4802-8902-67DE593E91D4}.Debug|x86.Deploy.0 = Debug|Any CPU
		{80A60092-99A1-4802-8902-67DE593E91D4}.Release|Any CPU.ActiveCfg = Release|Any CPU
		{80A60092-99A1-4802-8902-67DE593E91D4}.Release|Any CPU.Build.0 = Release|Any CPU
		{80A60092-99A1-4802-8902-67DE593E91D4}.Release|Any CPU.Deploy.0 = Release|Any CPU
		{80A60092-99A1-4802-8902-67DE593E91D4}.Release|ARM.ActiveCfg = Release|Any CPU
		{80A60092-99A1-4802-8902-67DE593E91D4}.Release|ARM.Build.0 = Release|Any CPU
		{80A60092-99A1-4802-8902-67DE593E91D4}.Release|ARM.Deploy.0 = Release|Any CPU
		{80A60092-99A1-4802-8902-67DE593E91D4}.Release|iPhone.ActiveCfg = Release|Any CPU
		{80A60092-99A1-4802-8902-67DE593E91D4}.Release|iPhone.Build.0 = Release|Any CPU
		{80A60092-99A1-4802-8902-67DE593E91D4}.Release|iPhone.Deploy.0 = Release|Any CPU
		{80A60092-99A1-4802-8902-67DE593E91D4}.Release|iPhoneSimulator.ActiveCfg = Release|Any CPU
		{80A60092-99A1-4802-8902-67DE593E91D4}.Release|iPhoneSimulator.Build.0 = Release|Any CPU
		{80A60092-99A1-4802-8902-67DE593E91D4}.Release|iPhoneSimulator.Deploy.0 = Release|Any CPU
		{80A60092-99A1-4802-8902-67DE593E91D4}.Release|x64.ActiveCfg = Release|Any CPU
		{80A60092-99A1-4802-8902-67DE593E91D4}.Release|x64.Build.0 = Release|Any CPU
		{80A60092-99A1-4802-8902-67DE593E91D4}.Release|x64.Deploy.0 = Release|Any CPU
		{80A60092-99A1-4802-8902-67DE593E91D4}.Release|x86.ActiveCfg = Release|Any CPU
		{80A60092-99A1-4802-8902-67DE593E91D4}.Release|x86.Build.0 = Release|Any CPU
		{80A60092-99A1-4802-8902-67DE593E91D4}.Release|x86.Deploy.0 = Release|Any CPU
		{CF94F529-F2BF-4D58-B15A-DED163FD1658}.Debug|Any CPU.ActiveCfg = Debug|iPhoneSimulator
		{CF94F529-F2BF-4D58-B15A-DED163FD1658}.Debug|Any CPU.Build.0 = Debug|iPhoneSimulator
		{CF94F529-F2BF-4D58-B15A-DED163FD1658}.Debug|Any CPU.Deploy.0 = Debug|iPhoneSimulator
		{CF94F529-F2BF-4D58-B15A-DED163FD1658}.Debug|ARM.ActiveCfg = Debug|iPhone
		{CF94F529-F2BF-4D58-B15A-DED163FD1658}.Debug|ARM.Build.0 = Debug|iPhone
		{CF94F529-F2BF-4D58-B15A-DED163FD1658}.Debug|ARM.Deploy.0 = Debug|iPhone
		{CF94F529-F2BF-4D58-B15A-DED163FD1658}.Debug|iPhone.ActiveCfg = Debug|iPhone
		{CF94F529-F2BF-4D58-B15A-DED163FD1658}.Debug|iPhone.Build.0 = Debug|iPhone
		{CF94F529-F2BF-4D58-B15A-DED163FD1658}.Debug|iPhone.Deploy.0 = Debug|iPhone
		{CF94F529-F2BF-4D58-B15A-DED163FD1658}.Debug|iPhoneSimulator.ActiveCfg = Debug|iPhoneSimulator
		{CF94F529-F2BF-4D58-B15A-DED163FD1658}.Debug|iPhoneSimulator.Build.0 = Debug|iPhoneSimulator
		{CF94F529-F2BF-4D58-B15A-DED163FD1658}.Debug|iPhoneSimulator.Deploy.0 = Debug|iPhoneSimulator
		{CF94F529-F2BF-4D58-B15A-DED163FD1658}.Debug|x64.ActiveCfg = Debug|iPhoneSimulator
		{CF94F529-F2BF-4D58-B15A-DED163FD1658}.Debug|x64.Build.0 = Debug|iPhoneSimulator
		{CF94F529-F2BF-4D58-B15A-DED163FD1658}.Debug|x64.Deploy.0 = Debug|iPhoneSimulator
		{CF94F529-F2BF-4D58-B15A-DED163FD1658}.Debug|x86.ActiveCfg = Debug|iPhoneSimulator
		{CF94F529-F2BF-4D58-B15A-DED163FD1658}.Debug|x86.Build.0 = Debug|iPhoneSimulator
		{CF94F529-F2BF-4D58-B15A-DED163FD1658}.Debug|x86.Deploy.0 = Debug|iPhoneSimulator
		{CF94F529-F2BF-4D58-B15A-DED163FD1658}.Release|Any CPU.ActiveCfg = Release|iPhoneSimulator
		{CF94F529-F2BF-4D58-B15A-DED163FD1658}.Release|Any CPU.Build.0 = Release|iPhoneSimulator
		{CF94F529-F2BF-4D58-B15A-DED163FD1658}.Release|Any CPU.Deploy.0 = Release|iPhoneSimulator
		{CF94F529-F2BF-4D58-B15A-DED163FD1658}.Release|ARM.ActiveCfg = Release|iPhoneSimulator
		{CF94F529-F2BF-4D58-B15A-DED163FD1658}.Release|ARM.Build.0 = Release|iPhoneSimulator
		{CF94F529-F2BF-4D58-B15A-DED163FD1658}.Release|ARM.Deploy.0 = Release|iPhoneSimulator
		{CF94F529-F2BF-4D58-B15A-DED163FD1658}.Release|iPhone.ActiveCfg = Release|iPhone
		{CF94F529-F2BF-4D58-B15A-DED163FD1658}.Release|iPhone.Build.0 = Release|iPhone
		{CF94F529-F2BF-4D58-B15A-DED163FD1658}.Release|iPhone.Deploy.0 = Release|iPhone
		{CF94F529-F2BF-4D58-B15A-DED163FD1658}.Release|iPhoneSimulator.ActiveCfg = Release|iPhoneSimulator
		{CF94F529-F2BF-4D58-B15A-DED163FD1658}.Release|iPhoneSimulator.Build.0 = Release|iPhoneSimulator
		{CF94F529-F2BF-4D58-B15A-DED163FD1658}.Release|iPhoneSimulator.Deploy.0 = Release|iPhoneSimulator
		{CF94F529-F2BF-4D58-B15A-DED163FD1658}.Release|x64.ActiveCfg = Release|iPhoneSimulator
		{CF94F529-F2BF-4D58-B15A-DED163FD1658}.Release|x64.Build.0 = Release|iPhoneSimulator
		{CF94F529-F2BF-4D58-B15A-DED163FD1658}.Release|x64.Deploy.0 = Release|iPhoneSimulator
		{CF94F529-F2BF-4D58-B15A-DED163FD1658}.Release|x86.ActiveCfg = Release|iPhoneSimulator
		{CF94F529-F2BF-4D58-B15A-DED163FD1658}.Release|x86.Build.0 = Release|iPhoneSimulator
		{CF94F529-F2BF-4D58-B15A-DED163FD1658}.Release|x86.Deploy.0 = Release|iPhoneSimulator
		{D7C20686-7671-41AF-9E5B-CF22794D05F1}.Debug|Any CPU.ActiveCfg = Debug|Any CPU
		{D7C20686-7671-41AF-9E5B-CF22794D05F1}.Debug|Any CPU.Build.0 = Debug|Any CPU
		{D7C20686-7671-41AF-9E5B-CF22794D05F1}.Debug|Any CPU.Deploy.0 = Debug|Any CPU
		{D7C20686-7671-41AF-9E5B-CF22794D05F1}.Debug|ARM.ActiveCfg = Debug|Any CPU
		{D7C20686-7671-41AF-9E5B-CF22794D05F1}.Debug|ARM.Build.0 = Debug|Any CPU
		{D7C20686-7671-41AF-9E5B-CF22794D05F1}.Debug|ARM.Deploy.0 = Debug|Any CPU
		{D7C20686-7671-41AF-9E5B-CF22794D05F1}.Debug|iPhone.ActiveCfg = Debug|Any CPU
		{D7C20686-7671-41AF-9E5B-CF22794D05F1}.Debug|iPhone.Build.0 = Debug|Any CPU
		{D7C20686-7671-41AF-9E5B-CF22794D05F1}.Debug|iPhone.Deploy.0 = Debug|Any CPU
		{D7C20686-7671-41AF-9E5B-CF22794D05F1}.Debug|iPhoneSimulator.ActiveCfg = Debug|Any CPU
		{D7C20686-7671-41AF-9E5B-CF22794D05F1}.Debug|iPhoneSimulator.Build.0 = Debug|Any CPU
		{D7C20686-7671-41AF-9E5B-CF22794D05F1}.Debug|iPhoneSimulator.Deploy.0 = Debug|Any CPU
		{D7C20686-7671-41AF-9E5B-CF22794D05F1}.Debug|x64.ActiveCfg = Debug|Any CPU
		{D7C20686-7671-41AF-9E5B-CF22794D05F1}.Debug|x64.Build.0 = Debug|Any CPU
		{D7C20686-7671-41AF-9E5B-CF22794D05F1}.Debug|x64.Deploy.0 = Debug|Any CPU
		{D7C20686-7671-41AF-9E5B-CF22794D05F1}.Debug|x86.ActiveCfg = Debug|Any CPU
		{D7C20686-7671-41AF-9E5B-CF22794D05F1}.Debug|x86.Build.0 = Debug|Any CPU
		{D7C20686-7671-41AF-9E5B-CF22794D05F1}.Debug|x86.Deploy.0 = Debug|Any CPU
		{D7C20686-7671-41AF-9E5B-CF22794D05F1}.Release|Any CPU.ActiveCfg = Release|Any CPU
		{D7C20686-7671-41AF-9E5B-CF22794D05F1}.Release|Any CPU.Build.0 = Release|Any CPU
		{D7C20686-7671-41AF-9E5B-CF22794D05F1}.Release|Any CPU.Deploy.0 = Release|Any CPU
		{D7C20686-7671-41AF-9E5B-CF22794D05F1}.Release|ARM.ActiveCfg = Release|Any CPU
		{D7C20686-7671-41AF-9E5B-CF22794D05F1}.Release|ARM.Build.0 = Release|Any CPU
		{D7C20686-7671-41AF-9E5B-CF22794D05F1}.Release|ARM.Deploy.0 = Release|Any CPU
		{D7C20686-7671-41AF-9E5B-CF22794D05F1}.Release|iPhone.ActiveCfg = Release|Any CPU
		{D7C20686-7671-41AF-9E5B-CF22794D05F1}.Release|iPhone.Build.0 = Release|Any CPU
		{D7C20686-7671-41AF-9E5B-CF22794D05F1}.Release|iPhone.Deploy.0 = Release|Any CPU
		{D7C20686-7671-41AF-9E5B-CF22794D05F1}.Release|iPhoneSimulator.ActiveCfg = Release|Any CPU
		{D7C20686-7671-41AF-9E5B-CF22794D05F1}.Release|iPhoneSimulator.Build.0 = Release|Any CPU
		{D7C20686-7671-41AF-9E5B-CF22794D05F1}.Release|iPhoneSimulator.Deploy.0 = Release|Any CPU
		{D7C20686-7671-41AF-9E5B-CF22794D05F1}.Release|x64.ActiveCfg = Release|Any CPU
		{D7C20686-7671-41AF-9E5B-CF22794D05F1}.Release|x64.Build.0 = Release|Any CPU
		{D7C20686-7671-41AF-9E5B-CF22794D05F1}.Release|x64.Deploy.0 = Release|Any CPU
		{D7C20686-7671-41AF-9E5B-CF22794D05F1}.Release|x86.ActiveCfg = Release|Any CPU
		{D7C20686-7671-41AF-9E5B-CF22794D05F1}.Release|x86.Build.0 = Release|Any CPU
		{D7C20686-7671-41AF-9E5B-CF22794D05F1}.Release|x86.Deploy.0 = Release|Any CPU
	EndGlobalSection
	GlobalSection(SolutionProperties) = preSolution
		HideSolutionNode = FALSE
	EndGlobalSection
	GlobalSection(ExtensibilityGlobals) = postSolution
		SolutionGuid = {202D522E-6467-46C0-915B-3964FB3CE49E}
	EndGlobalSection
EndGlobal
